// !$*UTF8*$!
{
	archiveVersion = 1;
	classes = {
	};
	objectVersion = 50;
	objects = {

/* Begin PBXBuildFile section */
		A5B764082341116B00918B4C /* AppDelegate.swift in Sources */ = {isa = PBXBuildFile; fileRef = A5B764072341116B00918B4C /* AppDelegate.swift */; };
		A5B7640A2341116B00918B4C /* SceneDelegate.swift in Sources */ = {isa = PBXBuildFile; fileRef = A5B764092341116B00918B4C /* SceneDelegate.swift */; };
		A5B7640C2341116B00918B4C /* ViewController.swift in Sources */ = {isa = PBXBuildFile; fileRef = A5B7640B2341116B00918B4C /* ViewController.swift */; };
		A5B7640F2341116B00918B4C /* Main.storyboard in Resources */ = {isa = PBXBuildFile; fileRef = A5B7640D2341116B00918B4C /* Main.storyboard */; };
		A5B764112341116F00918B4C /* Assets.xcassets in Resources */ = {isa = PBXBuildFile; fileRef = A5B764102341116F00918B4C /* Assets.xcassets */; };
		A5B764142341116F00918B4C /* LaunchScreen.storyboard in Resources */ = {isa = PBXBuildFile; fileRef = A5B764122341116F00918B4C /* LaunchScreen.storyboard */; };
		A5B7641C2341130700918B4C /* ViewControllerScreen2.swift in Sources */ = {isa = PBXBuildFile; fileRef = A5B7641B2341130700918B4C /* ViewControllerScreen2.swift */; };
/* End PBXBuildFile section */

/* Begin PBXFileReference section */
		A5B764042341116B00918B4C /* BirdenFazlaEkranIleCalismak.app */ = {isa = PBXFileReference; explicitFileType = wrapper.application; includeInIndex = 0; path = BirdenFazlaEkranIleCalismak.app; sourceTree = BUILT_PRODUCTS_DIR; };
		A5B764072341116B00918B4C /* AppDelegate.swift */ = {isa = PBXFileReference; lastKnownFileType = sourcecode.swift; path = AppDelegate.swift; sourceTree = "<group>"; };
		A5B764092341116B00918B4C /* SceneDelegate.swift */ = {isa = PBXFileReference; lastKnownFileType = sourcecode.swift; path = SceneDelegate.swift; sourceTree = "<group>"; };
		A5B7640B2341116B00918B4C /* ViewController.swift */ = {isa = PBXFileReference; lastKnownFileType = sourcecode.swift; path = ViewController.swift; sourceTree = "<group>"; };
		A5B7640E2341116B00918B4C /* Base */ = {isa = PBXFileReference; lastKnownFileType = file.storyboard; name = Base; path = Base.lproj/Main.storyboard; sourceTree = "<group>"; };
		A5B764102341116F00918B4C /* Assets.xcassets */ = {isa = PBXFileReference; lastKnownFileType = folder.assetcatalog; path = Assets.xcassets; sourceTree = "<group>"; };
		A5B764132341116F00918B4C /* Base */ = {isa = PBXFileReference; lastKnownFileType = file.storyboard; name = Base; path = Base.lproj/LaunchScreen.storyboard; sourceTree = "<group>"; };
		A5B764152341116F00918B4C /* Info.plist */ = {isa = PBXFileReference; lastKnownFileType = text.plist.xml; path = Info.plist; sourceTree = "<group>"; };
		A5B7641B2341130700918B4C /* ViewControllerScreen2.swift */ = {isa = PBXFileReference; lastKnownFileType = sourcecode.swift; path = ViewControllerScreen2.swift; sourceTree = "<group>"; };
/* End PBXFileReference section */

/* Begin PBXFrameworksBuildPhase section */
		A5B764012341116B00918B4C /* Frameworks */ = {
			isa = PBXFrameworksBuildPhase;
			buildActionMask = 2147483647;
			files = (
			);
			runOnlyForDeploymentPostprocessing = 0;
		};
/* End PBXFrameworksBuildPhase section */

/* Begin PBXGroup section */
		A5B763FB2341116B00918B4C = {
			isa = PBXGroup;
			children = (
				A5B764062341116B00918B4C /* BirdenFazlaEkranIleCalismak */,
				A5B764052341116B00918B4C /* Products */,
			);
			sourceTree = "<group>";
		};
		A5B764052341116B00918B4C /* Products */ = {
			isa = PBXGroup;
			children = (
				A5B764042341116B00918B4C /* BirdenFazlaEkranIleCalismak.app */,
			);
			name = Products;
			sourceTree = "<group>";
		};
		A5B764062341116B00918B4C /* BirdenFazlaEkranIleCalismak */ = {
			isa = PBXGroup;
			children = (
				A5B764072341116B00918B4C /* AppDelegate.swift */,
				A5B764092341116B00918B4C /* SceneDelegate.swift */,
				A5B7640B2341116B00918B4C /* ViewController.swift */,
				A5B7641B2341130700918B4C /* ViewControllerScreen2.swift */,
				A5B7640D2341116B00918B4C /* Main.storyboard */,
				A5B764102341116F00918B4C /* Assets.xcassets */,
				A5B764122341116F00918B4C /* LaunchScreen.storyboard */,
				A5B764152341116F00918B4C /* Info.plist */,
			);
			path = BirdenFazlaEkranIleCalismak;
			sourceTree = "<group>";
		};
/* End PBXGroup section */

/* Begin PBXNativeTarget section */
		A5B764032341116B00918B4C /* BirdenFazlaEkranIleCalismak */ = {
			isa = PBXNativeTarget;
			buildConfigurationList = A5B764182341116F00918B4C /* Build configuration list for PBXNativeTarget "BirdenFazlaEkranIleCalismak" */;
			buildPhases = (
				A5B764002341116B00918B4C /* Sources */,
				A5B764012341116B00918B4C /* Frameworks */,
				A5B764022341116B00918B4C /* Resources */,
			);
			buildRules = (
			);
			dependencies = (
			);
			name = BirdenFazlaEkranIleCalismak;
			productName = BirdenFazlaEkranIleCalismak;
			productReference = A5B764042341116B00918B4C /* BirdenFazlaEkranIleCalismak.app */;
			productType = "com.apple.product-type.application";
		};
/* End PBXNativeTarget section */

/* Begin PBXProject section */
		A5B763FC2341116B00918B4C /* Project object */ = {
			isa = PBXProject;
			attributes = {
				LastSwiftUpdateCheck = 1100;
				LastUpgradeCheck = 1100;
				ORGANIZATIONNAME = "Arda Kazancı";
				TargetAttributes = {
					A5B764032341116B00918B4C = {
						CreatedOnToolsVersion = 11.0;
					};
				};
			};
			buildConfigurationList = A5B763FF2341116B00918B4C /* Build configuration list for PBXProject "BirdenFazlaEkranIleCalismak" */;
			compatibilityVersion = "Xcode 9.3";
			developmentRegion = en;
			hasScannedForEncodings = 0;
			knownRegions = (
				en,
				Base,
			);
			mainGroup = A5B763FB2341116B00918B4C;
			productRefGroup = A5B764052341116B00918B4C /* Products */;
			projectDirPath = "";
			projectRoot = "";
			targets = (
				A5B764032341116B00918B4C /* BirdenFazlaEkranIleCalismak */,
			);
		};
/* End PBXProject section */

/* Begin PBXResourcesBuildPhase section */
		A5B764022341116B00918B4C /* Resources */ = {
			isa = PBXResourcesBuildPhase;
			buildActionMask = 2147483647;
			files = (
				A5B764142341116F00918B4C /* LaunchScreen.storyboard in Resources */,
				A5B764112341116F00918B4C /* Assets.xcassets in Resources */,
				A5B7640F2341116B00918B4C /* Main.storyboard in Resources */,
			);
			runOnlyForDeploymentPostprocessing = 0;
		};
/* End PBXResourcesBuildPhase section */

/* Begin PBXSourcesBuildPhase section */
		A5B764002341116B00918B4C /* Sources */ = {
			isa = PBXSourcesBuildPhase;
			buildActionMask = 2147483647;
			files = (
				A5B7640C2341116B00918B4C /* ViewController.swift in Sources */,
				A5B764082341116B00918B4C /* AppDelegate.swift in Sources */,
				A5B7640A2341116B00918B4C /* SceneDelegate.swift in Sources */,
				A5B7641C2341130700918B4C /* ViewControllerScreen2.swift in Sources */,
			);
			runOnlyForDeploymentPostprocessing = 0;
		};
/* End PBXSourcesBuildPhase section */

/* Begin PBXVariantGroup section */
		A5B7640D2341116B00918B4C /* Main.storyboard */ = {
			isa = PBXVariantGroup;
			children = (
				A5B7640E2341116B00918B4C /* Base */,
			);
			name = Main.storyboard;
			sourceTree = "<group>";
		};
		A5B764122341116F00918B4C /* LaunchScreen.storyboard */ = {
			isa = PBXVariantGroup;
			children = (
				A5B764132341116F00918B4C /* Base */,
			);
			name = LaunchScreen.storyboard;
			sourceTree = "<group>";
		};
/* End PBXVariantGroup section */

/* Begin XCBuildConfiguration section */
		A5B764162341116F00918B4C /* Debug */ = {
			isa = XCBuildConfiguration;
			buildSettings = {
				ALWAYS_SEARCH_USER_PATHS = NO;
				CLANG_ANALYZER_NONNULL = YES;
				CLANG_ANALYZER_NUMBER_OBJECT_CONVERSION = YES_AGGRESSIVE;
				CLANG_CXX_LANGUAGE_STANDARD = "gnu++14";
				CLANG_CXX_LIBRARY = "libc++";
				CLANG_ENABLE_MODULES = YES;
				CLANG_ENABLE_OBJC_ARC = YES;
				CLANG_ENABLE_OBJC_WEAK = YES;
				CLANG_WARN_BLOCK_CAPTURE_AUTORELEASING = YES;
				CLANG_WARN_BOOL_CONVERSION = YES;
				CLANG_WARN_COMMA = YES;
				CLANG_WARN_CONSTANT_CONVERSION = YES;
				CLANG_WARN_DEPRECATED_OBJC_IMPLEMENTATIONS = YES;
				CLANG_WARN_DIRECT_OBJC_ISA_USAGE = YES_ERROR;
				CLANG_WARN_DOCUMENTATION_COMMENTS = YES;
				CLANG_WARN_EMPTY_BODY = YES;
				CLANG_WARN_ENUM_CONVERSION = YES;
				CLANG_WARN_INFINITE_RECURSION = YES;
				CLANG_WARN_INT_CONVERSION = YES;
				CLANG_WARN_NON_LITERAL_NULL_CONVERSION = YES;
				CLANG_WARN_OBJC_IMPLICIT_RETAIN_SELF = YES;
				CLANG_WARN_OBJC_LITERAL_CONVERSION = YES;
				CLANG_WARN_OBJC_ROOT_CLASS = YES_ERROR;
				CLANG_WARN_RANGE_LOOP_ANALYSIS = YES;
				CLANG_WARN_STRICT_PROTOTYPES = YES;
				CLANG_WARN_SUSPICIOUS_MOVE = YES;
				CLANG_WARN_UNGUARDED_AVAILABILITY = YES_AGGRESSIVE;
				CLANG_WARN_UNREACHABLE_CODE = YES;
				CLANG_WARN__DUPLICATE_METHOD_MATCH = YES;
				COPY_PHASE_STRIP = NO;
				DEBUG_INFORMATION_FORMAT = dwarf;
				ENABLE_STRICT_OBJC_MSGSEND = YES;
				ENABLE_TESTABILITY = YES;
				GCC_C_LANGUAGE_STANDARD = gnu11;
				GCC_DYNAMIC_NO_PIC = NO;
				GCC_NO_COMMON_BLOCKS = YES;
				GCC_OPTIMIZATION_LEVEL = 0;
				GCC_PREPROCESSOR_DEFINITIONS = (
					"DEBUG=1",
					"$(inherited)",
				);
				GCC_WARN_64_TO_32_BIT_CONVERSION = YES;
				GCC_WARN_ABOUT_RETURN_TYPE = YES_ERROR;
				GCC_WARN_UNDECLARED_SELECTOR = YES;
				GCC_WARN_UNINITIALIZED_AUTOS = YES_AGGRESSIVE;
				GCC_WARN_UNUSED_FUNCTION = YES;
				GCC_WARN_UNUSED_VARIABLE = YES;
				IPHONEOS_DEPLOYMENT_TARGET = 13.0;
				MTL_ENABLE_DEBUG_INFO = INCLUDE_SOURCE;
				MTL_FAST_MATH = YES;
				ONLY_ACTIVE_ARCH = YES;
				SDKROOT = iphoneos;
				SWIFT_ACTIVE_COMPILATION_CONDITIONS = DEBUG;
				SWIFT_OPTIMIZATION_LEVEL = "-Onone";
			};
			name = Debug;
		};
		A5B764172341116F00918B4C /* Release */ = {
			isa = XCBuildConfiguration;
			buildSettings = {
				ALWAYS_SEARCH_USER_PATHS = NO;
				CLANG_ANALYZER_NONNULL = YES;
				CLANG_ANALYZER_NUMBER_OBJECT_CONVERSION = YES_AGGRESSIVE;
				CLANG_CXX_LANGUAGE_STANDARD = "gnu++14";
				CLANG_CXX_LIBRARY = "libc++";
				CLANG_ENABLE_MODULES = YES;
				CLANG_ENABLE_OBJC_ARC = YES;
				CLANG_ENABLE_OBJC_WEAK = YES;
				CLANG_WARN_BLOCK_CAPTURE_AUTORELEASING = YES;
				CLANG_WARN_BOOL_CONVERSION = YES;
				CLANG_WARN_COMMA = YES;
				CLANG_WARN_CONSTANT_CONVERSION = YES;
				CLANG_WARN_DEPRECATED_OBJC_IMPLEMENTATIONS = YES;
				CLANG_WARN_DIRECT_OBJC_ISA_USAGE = YES_ERROR;
				CLANG_WARN_DOCUMENTATION_COMMENTS = YES;
				CLANG_WARN_EMPTY_BODY = YES;
				CLANG_WARN_ENUM_CONVERSION = YES;
				CLANG_WARN_INFINITE_RECURSION = YES;
				CLANG_WARN_INT_CONVERSION = YES;
				CLANG_WARN_NON_LITERAL_NULL_CONVERSION = YES;
				CLANG_WARN_OBJC_IMPLICIT_RETAIN_SELF = YES;
				CLANG_WARN_OBJC_LITERAL_CONVERSION = YES;
				CLANG_WARN_OBJC_ROOT_CLASS = YES_ERROR;
				CLANG_WARN_RANGE_LOOP_ANALYSIS = YES;
				CLANG_WARN_STRICT_PROTOTYPES = YES;
				CLANG_WARN_SUSPICIOUS_MOVE = YES;
				CLANG_WARN_UNGUARDED_AVAILABILITY = YES_AGGRESSIVE;
				CLANG_WARN_UNREACHABLE_CODE = YES;
				CLANG_WARN__DUPLICATE_METHOD_MATCH = YES;
				COPY_PHASE_STRIP = NO;
				DEBUG_INFORMATION_FORMAT = "dwarf-with-dsym";
				ENABLE_NS_ASSERTIONS = NO;
				ENABLE_STRICT_OBJC_MSGSEND = YES;
				GCC_C_LANGUAGE_STANDARD = gnu11;
				GCC_NO_COMMON_BLOCKS = YES;
				GCC_WARN_64_TO_32_BIT_CONVERSION = YES;
				GCC_WARN_ABOUT_RETURN_TYPE = YES_ERROR;
				GCC_WARN_UNDECLARED_SELECTOR = YES;
				GCC_WARN_UNINITIALIZED_AUTOS = YES_AGGRESSIVE;
				GCC_WARN_UNUSED_FUNCTION = YES;
				GCC_WARN_UNUSED_VARIABLE = YES;
				IPHONEOS_DEPLOYMENT_TARGET = 13.0;
				MTL_ENABLE_DEBUG_INFO = NO;
				MTL_FAST_MATH = YES;
				SDKROOT = iphoneos;
				SWIFT_COMPILATION_MODE = wholemodule;
				SWIFT_OPTIMIZATION_LEVEL = "-O";
				VALIDATE_PRODUCT = YES;
			};
			name = Release;
		};
		A5B764192341116F00918B4C /* Debug */ = {
			isa = XCBuildConfiguration;
			buildSettings = {
				ASSETCATALOG_COMPILER_APPICON_NAME = AppIcon;
				CODE_SIGN_STYLE = Automatic;
				DEVELOPMENT_TEAM = 49HU77NFQ4;
				INFOPLIST_FILE = BirdenFazlaEkranIleCalismak/Info.plist;
				LD_RUNPATH_SEARCH_PATHS = (
					"$(inherited)",
					"@executable_path/Frameworks",
				);
				PRODUCT_BUNDLE_IDENTIFIER = ardakazanci.BirdenFazlaEkranIleCalismak;
				PRODUCT_NAME = "$(TARGET_NAME)";
				SWIFT_VERSION = 5.0;
				TARGETED_DEVICE_FAMILY = "1,2";
			};
			name = Debug;
		};
		A5B7641A2341116F00918B4C /* Release */ = {
			isa = XCBuildConfiguration;
			buildSettings = {
				ASSETCATALOG_COMPILER_APPICON_NAME = AppIcon;
				CODE_SIGN_STYLE = Automatic;
				DEVELOPMENT_TEAM = 49HU77NFQ4;
				INFOPLIST_FILE = BirdenFazlaEkranIleCalismak/Info.plist;
				LD_RUNPATH_SEARCH_PATHS = (
					"$(inherited)",
					"@executable_path/Frameworks",
				);
				PRODUCT_BUNDLE_IDENTIFIER = ardakazanci.BirdenFazlaEkranIleCalismak;
				PRODUCT_NAME = "$(TARGET_NAME)";
				SWIFT_VERSION = 5.0;
				TARGETED_DEVICE_FAMILY = "1,2";
			};
			name = Release;
		};
/* End XCBuildConfiguration section */

/* Begin XCConfigurationList section */
		A5B763FF2341116B00918B4C /* Build configuration list for PBXProject "BirdenFazlaEkranIleCalismak" */ = {
			isa = XCConfigurationList;
			buildConfigurations = (
				A5B764162341116F00918B4C /* Debug */,
				A5B764172341116F00918B4C /* Release */,
			);
			defaultConfigurationIsVisible = 0;
			defaultConfigurationName = Release;
		};
		A5B764182341116F00918B4C /* Build configuration list for PBXNativeTarget "BirdenFazlaEkranIleCalismak" */ = {
			isa = XCConfigurationList;
			buildConfigurations = (
				A5B764192341116F00918B4C /* Debug */,
				A5B7641A2341116F00918B4C /* Release */,
			);
			defaultConfigurationIsVisible = 0;
			defaultConfigurationName = Release;
		};
/* End XCConfigurationList section */
	};
	rootObject = A5B763FC2341116B00918B4C /* Project object */;
}
